
Microsoft Visual Studio Solution File, Format Version 12.00
# Visual Studio Version 17
VisualStudioVersion = 17.14.37328.6 d17.14
MinimumVisualStudioVersion = 10.0.40219.1
Project("{FAE04EC0-301F-11D3-BF4B-00C04F79EFBC}") = "WebBarber", "WebBarber.csproj", "{38F678DB-91D9-4718-9EA6-2BACD1194E88}"
EndProject
Global
	GlobalSection(SolutionConfigurationPlatforms) = preSolution
		Debug|Any CPU = Debug|Any CPU
		Release|Any CPU = Release|Any CPU
	EndGlobalSection
	GlobalSection(ProjectConfigurationPlatforms) = postSolution
		{38F678DB-91D9-4718-9EA6-2BACD1194E88}.Debug|Any CPU.ActiveCfg = Debug|Any CPU
		{38F678DB-91D9-4718-9EA6-2BACD1194E88}.Debug|Any CPU.Build.0 = Debug|Any CPU
		{38F678DB-91D9-4718-9EA6-2BACD1194E88}.Release|Any CPU.ActiveCfg = Release|Any CPU
		{38F678DB-91D9-4718-9EA6-2BACD1194E88}.Release|Any CPU.Build.0 = Release|Any CPU
	EndGlobalSection
	GlobalSection(SolutionProperties) = preSolution
		HideSolutionNode = FALSE
	EndGlobalSection
	GlobalSection(ExtensibilityGlobals) = postSolution
		SolutionGuid = {9EF18B8C-578C-476F-B111-C5D70DFF1C3C}
	EndGlobalSection
EndGlobal
